
Microsoft Visual Studio Solution File, Format Version 12.00
# Visual Studio Version 17
VisualStudioVersion = 17.0.31903.59
MinimumVisualStudioVersion = 10.0.40219.1
Project("{FAE04EC0-301F-11D3-BF4B-00C04F79EFBC}") = "CashFlow.Api", "src\CashFlow.Api\CashFlow.Api.csproj", "{389D9902-8C49-4562-A7C7-3D381F1F3F38}"
EndProject
Project("{FAE04EC0-301F-11D3-BF4B-00C04F79EFBC}") = "CashFlow.Application", "src\CashFlow.Application\CashFlow.Application.csproj", "{6E306C3B-D363-4546-A37B-02CA2AABDCDF}"
EndProject
Project("{FAE04EC0-301F-11D3-BF4B-00C04F79EFBC}") = "CashFlow.Communication", "src\CashFlow.Communication\CashFlow.Communication.csproj", "{8C2E0428-8DE6-45C1-B365-21F11AAAFF3F}"
EndProject
Project("{FAE04EC0-301F-11D3-BF4B-00C04F79EFBC}") = "CashFlow.Domain", "src\CashFlow.Domain\CashFlow.Domain.csproj", "{723E6D1C-0B95-40A6-AB1B-AAB4BB103C90}"
EndProject
Project("{FAE04EC0-301F-11D3-BF4B-00C04F79EFBC}") = "CashFlow.Infrastructure", "src\CashFlow.Infrastructure\CashFlow.Infrastructure.csproj", "{A2506A3A-AFA0-442F-8EE7-3AC0BCED3BB0}"
EndProject
Project("{FAE04EC0-301F-11D3-BF4B-00C04F79EFBC}") = "CashFlow.Exception", "src\ClashFlow.Exception\CashFlow.Exception.csproj", "{52299634-60B9-4C8A-8CCC-36646E84D154}"
EndProject
Global
	GlobalSection(SolutionConfigurationPlatforms) = preSolution
		Debug|Any CPU = Debug|Any CPU
		Release|Any CPU = Release|Any CPU
	EndGlobalSection
	GlobalSection(ProjectConfigurationPlatforms) = postSolution
		{389D9902-8C49-4562-A7C7-3D381F1F3F38}.Debug|Any CPU.ActiveCfg = Debug|Any CPU
		{389D9902-8C49-4562-A7C7-3D381F1F3F38}.Debug|Any CPU.Build.0 = Debug|Any CPU
		{389D9902-8C49-4562-A7C7-3D381F1F3F38}.Release|Any CPU.ActiveCfg = Release|Any CPU
		{389D9902-8C49-4562-A7C7-3D381F1F3F38}.Release|Any CPU.Build.0 = Release|Any CPU
		{6E306C3B-D363-4546-A37B-02CA2AABDCDF}.Debug|Any CPU.ActiveCfg = Debug|Any CPU
		{6E306C3B-D363-4546-A37B-02CA2AABDCDF}.Debug|Any CPU.Build.0 = Debug|Any CPU
		{6E306C3B-D363-4546-A37B-02CA2AABDCDF}.Release|Any CPU.ActiveCfg = Release|Any CPU
		{6E306C3B-D363-4546-A37B-02CA2AABDCDF}.Release|Any CPU.Build.0 = Release|Any CPU
		{8C2E0428-8DE6-45C1-B365-21F11AAAFF3F}.Debug|Any CPU.ActiveCfg = Debug|Any CPU
		{8C2E0428-8DE6-45C1-B365-21F11AAAFF3F}.Debug|Any CPU.Build.0 = Debug|Any CPU
		{8C2E0428-8DE6-45C1-B365-21F11AAAFF3F}.Release|Any CPU.ActiveCfg = Release|Any CPU
		{8C2E0428-8DE6-45C1-B365-21F11AAAFF3F}.Release|Any CPU.Build.0 = Release|Any CPU
		{723E6D1C-0B95-40A6-AB1B-AAB4BB103C90}.Debug|Any CPU.ActiveCfg = Debug|Any CPU
		{723E6D1C-0B95-40A6-AB1B-AAB4BB103C90}.Debug|Any CPU.Build.0 = Debug|Any CPU
		{723E6D1C-0B95-40A6-AB1B-AAB4BB103C90}.Release|Any CPU.ActiveCfg = Release|Any CPU
		{723E6D1C-0B95-40A6-AB1B-AAB4BB103C90}.Release|Any CPU.Build.0 = Release|Any CPU
		{A2506A3A-AFA0-442F-8EE7-3AC0BCED3BB0}.Debug|Any CPU.ActiveCfg = Debug|Any CPU
		{A2506A3A-AFA0-442F-8EE7-3AC0BCED3BB0}.Debug|Any CPU.Build.0 = Debug|Any CPU
		{A2506A3A-AFA0-442F-8EE7-3AC0BCED3BB0}.Release|Any CPU.ActiveCfg = Release|Any CPU
		{A2506A3A-AFA0-442F-8EE7-3AC0BCED3BB0}.Release|Any CPU.Build.0 = Release|Any CPU
		{52299634-60B9-4C8A-8CCC-36646E84D154}.Debug|Any CPU.ActiveCfg = Debug|Any CPU
		{52299634-60B9-4C8A-8CCC-36646E84D154}.Debug|Any CPU.Build.0 = Debug|Any CPU
		{52299634-60B9-4C8A-8CCC-36646E84D154}.Release|Any CPU.ActiveCfg = Release|Any CPU
		{52299634-60B9-4C8A-8CCC-36646E84D154}.Release|Any CPU.Build.0 = Release|Any CPU
	EndGlobalSection
	GlobalSection(SolutionProperties) = preSolution
		HideSolutionNode = FALSE
	EndGlobalSection
EndGlobal
